// !$*UTF8*$!
{
	archiveVersion = 1;
	classes = {
	};
	objectVersion = 52;
	objects = {

/* Begin PBXBuildFile section */
		0207DA581B56EA530066E2B4 /* Images.xcassets in Resources */ = {isa = PBXBuildFile; fileRef = 0207DA571B56EA530066E2B4 /* Images.xcassets */; };
		0944704A72A54E18B186CA2A /* UIImage+CropScaleOrientation.m in Sources */ = {isa = PBXBuildFile; fileRef = 7DAB91C0AECF4B18AE9549AD /* UIImage+CropScaleOrientation.m */; };
		0C8687AD75FB49A1A6138ED9 /* CDVJpegHeaderWriter.m in Sources */ = {isa = PBXBuildFile; fileRef = 57D67BED4AF74D6FA4659AC4 /* CDVJpegHeaderWriter.m */; };
		1D3623260D0F684500981E51 /* AppDelegate.m in Sources */ = {isa = PBXBuildFile; fileRef = 1D3623250D0F684500981E51 /* AppDelegate.m */; };
		1D60589B0D05DD56006BFB54 /* main.m in Sources */ = {isa = PBXBuildFile; fileRef = 29B97316FDCFA39411CA2CEA /* main.m */; };
		301BF552109A68D80062928A /* libCordova.a in Frameworks */ = {isa = PBXBuildFile; fileRef = 301BF535109A57CC0062928A /* libCordova.a */; settings = {ATTRIBUTES = (Required, ); }; };
		302D95F114D2391D003F00A1 /* MainViewController.m in Sources */ = {isa = PBXBuildFile; fileRef = 302D95EF14D2391D003F00A1 /* MainViewController.m */; };
		302D95F214D2391D003F00A1 /* MainViewController.xib in Resources */ = {isa = PBXBuildFile; fileRef = 302D95F014D2391D003F00A1 /* MainViewController.xib */; };
		52A0E7D49C7643DEB137E76D /* CDVDevice.m in Sources */ = {isa = PBXBuildFile; fileRef = 878506BEE0CC4F5C8F351A43 /* CDVDevice.m */; };
		55DF225685404344B0246F8E /* ImageIO.framework in Frameworks */ = {isa = PBXBuildFile; fileRef = 7ACC4FB83DDA403CB1EB9112 /* ImageIO.framework */; settings = {ATTRIBUTES = (Weak, ); }; };
		5647ED31930E44618A928A9B /* FirebasePluginMessageReceiverManager.m in Sources */ = {isa = PBXBuildFile; fileRef = F722205C20B5495CAACA710E /* FirebasePluginMessageReceiverManager.m */; };
		575562C4C7E64D528F68DF38 /* CustomFCMReceiverPlugin.m in Sources */ = {isa = PBXBuildFile; fileRef = 3BBFF79C4B5B463DAD1F1E9D /* CustomFCMReceiverPlugin.m */; };
		68976B4D76D24C139BDC4D53 /* CustomFCMReceiver.m in Sources */ = {isa = PBXBuildFile; fileRef = 2C41C83889D34B1593903772 /* CustomFCMReceiver.m */; };
		6AFF5BF91D6E424B00AB3073 /* CDVLaunchScreen.storyboard in Resources */ = {isa = PBXBuildFile; fileRef = 6AFF5BF81D6E424B00AB3073 /* CDVLaunchScreen.storyboard */; };
		6D307A9B022F4699B6629A51 /* FirebasePlugin.m in Sources */ = {isa = PBXBuildFile; fileRef = 30D9FD84055E48289BDD35CE /* FirebasePlugin.m */; };
		7BFAC048E8654D0AB03A32E5 /* AuthenticationServices.framework in Frameworks */ = {isa = PBXBuildFile; fileRef = CF1CBD5D5B7943CFA9BE395F /* AuthenticationServices.framework */; };
		82B0FA2089BE4A11AB038D5D /* CoreLocation.framework in Frameworks */ = {isa = PBXBuildFile; fileRef = 34B4FCB68E3B494894DE654F /* CoreLocation.framework */; };
		86571586C3A2480EAA8CC4DC /* GoogleService-Info.plist in Resources */ = {isa = PBXBuildFile; fileRef = D3F61983FB464BE1BF16B458 /* GoogleService-Info.plist */; };
		885A660698B35BB9946BBEB2 /* Pods_Woolis.framework in Frameworks */ = {isa = PBXBuildFile; fileRef = D86C979B4A45EB8A3A301BBD /* Pods_Woolis.framework */; };
		99E17F2FE0404A818A45D48C /* CDVLocalFilesystem.m in Sources */ = {isa = PBXBuildFile; fileRef = CB65330689EA41D5816702C9 /* CDVLocalFilesystem.m */; };
		B885D0DDC83D466497A625C3 /* FirebasePluginMessageReceiver.m in Sources */ = {isa = PBXBuildFile; fileRef = A8ED37C176F44C3BA032FFB6 /* FirebasePluginMessageReceiver.m */; };
		C3EE8C16811447C49A550DF9 /* AVFoundation.framework in Frameworks */ = {isa = PBXBuildFile; fileRef = 3AB71B5BFDB54F3480119D3F /* AVFoundation.framework */; };
		C419140DE92E4AF1A9F3D997 /* CDVAssetLibraryFilesystem.m in Sources */ = {isa = PBXBuildFile; fileRef = C66E0E8386EB4C8A847A238B /* CDVAssetLibraryFilesystem.m */; };
		D0912AA88B9740ADBB30005B /* CDVFile.m in Sources */ = {isa = PBXBuildFile; fileRef = 5FAFE9D830A644608D4A67C0 /* CDVFile.m */; };
		DB34383CA4BE4AF3B874350C /* CDVCamera.m in Sources */ = {isa = PBXBuildFile; fileRef = 384A88FD3CAB4DAFA99E31CC /* CDVCamera.m */; };
		F01C1DAB07CF4ADB85D7831E /* AppDelegate+FirebasePlugin.m in Sources */ = {isa = PBXBuildFile; fileRef = B35A852D6B7F4EA8AE7E2CF8 /* AppDelegate+FirebasePlugin.m */; };
		1B5F6C8DA5A2426FA4FB2F62 /* CDVLocation.m in Sources */ = {isa = PBXBuildFile; fileRef = 2736BC77C24B42BF97DBD1C1 /* CDVLocation.m */; };
		2442E015327446F6A4D53949 /* CDVInAppBrowserOptions.m in Sources */ = {isa = PBXBuildFile; fileRef = C64CF8943CC241C3B3A41636 /* CDVInAppBrowserOptions.m */; };
		9C5427868B174D2683C579DF /* CDVInAppBrowserNavigationController.m in Sources */ = {isa = PBXBuildFile; fileRef = 2ED42B70DA554E13B6E06E49 /* CDVInAppBrowserNavigationController.m */; };
		01E6811795C3472191CA937E /* CDVWKInAppBrowser.m in Sources */ = {isa = PBXBuildFile; fileRef = A62E49A189FF4853AECD4D2A /* CDVWKInAppBrowser.m */; };
		8A305A79062C42B2B8AB50E1 /* CDVWKInAppBrowserUIDelegate.m in Sources */ = {isa = PBXBuildFile; fileRef = EED500594B9C4AC8A3946C96 /* CDVWKInAppBrowserUIDelegate.m */; };
		606F30B4EBD04BE6BE494172 /* CDVCapture.m in Sources */ = {isa = PBXBuildFile; fileRef = 4A28159A749446E6A4E9250D /* CDVCapture.m */; };
		6E69309A5A7A4941A236C8B4 /* CDVCapture.bundle in Resources */ = {isa = PBXBuildFile; fileRef = 895FFCD108154D4CB47D4744 /* CDVCapture.bundle */; };
		807E1CE9BEE9455BBE0016D7 /* CDVConnection.m in Sources */ = {isa = PBXBuildFile; fileRef = B2A3313ED63F4903AFB41E4C /* CDVConnection.m */; };
		B76523E8DBFA4ADAB9ABE865 /* CDVReachability.m in Sources */ = {isa = PBXBuildFile; fileRef = CDBAE552878B4A6DBF846265 /* CDVReachability.m */; };
		A3AD5B535D8A46A988C9FD1A /* SystemConfiguration.framework in Frameworks */ = {isa = PBXBuildFile; fileRef = DCD39EFC975C4DDABD6346AE /* SystemConfiguration.framework */; settings = {ATTRIBUTES = (Weak, ); }; };
		598AFE1DDD984F6CBF746164 /* CoreTelephony.framework in Frameworks */ = {isa = PBXBuildFile; fileRef = 3DA0D357E4C9462BAA104D98 /* CoreTelephony.framework */; };
		79CF5286AFDD4E7BB750A597 /* CDVWKWebViewFileXhr.m in Sources */ = {isa = PBXBuildFile; fileRef = 0F1AEBFFDBF74353BEC50672 /* CDVWKWebViewFileXhr.m */; };
		DDC9886F6F8841A0BAFCCE6E /* WebKit.framework in Frameworks */ = {isa = PBXBuildFile; fileRef = B3CF0836C80048F59F0FBA07 /* WebKit.framework */; settings = {ATTRIBUTES = (Weak, ); }; };
/* End PBXBuildFile section */

/* Begin PBXContainerItemProxy section */
		301BF534109A57CC0062928A /* PBXContainerItemProxy */ = {
			isa = PBXContainerItemProxy;
			containerPortal = 301BF52D109A57CC0062928A /* CordovaLib.xcodeproj */;
			proxyType = 2;
			remoteGlobalIDString = D2AAC07E0554694100DB518D;
			remoteInfo = CordovaLib;
		};
		301BF550109A68C00062928A /* PBXContainerItemProxy */ = {
			isa = PBXContainerItemProxy;
			containerPortal = 301BF52D109A57CC0062928A /* CordovaLib.xcodeproj */;
			proxyType = 1;
			remoteGlobalIDString = D2AAC07D0554694100DB518D;
			remoteInfo = CordovaLib;
		};
		907D8123214C687600058A10 /* PBXContainerItemProxy */ = {
			isa = PBXContainerItemProxy;
			containerPortal = 301BF52D109A57CC0062928A /* CordovaLib.xcodeproj */;
			proxyType = 2;
			remoteGlobalIDString = C0C01EB21E3911D50056E6CB;
			remoteInfo = Cordova;
		};
/* End PBXContainerItemProxy section */

/* Begin PBXFileReference section */
		0207DA571B56EA530066E2B4 /* Images.xcassets */ = {isa = PBXFileReference; lastKnownFileType = folder.assetcatalog; name = Images.xcassets; path = Woolis/Images.xcassets; sourceTree = SOURCE_ROOT; };
		0932002CF2A04B2081468399 /* CDVDevice.h */ = {isa = PBXFileReference; explicitFileType = undefined; fileEncoding = 4; includeInIndex = 0; lastKnownFileType = sourcecode.c.h; name = CDVDevice.h; path = "cordova-plugin-device/CDVDevice.h"; sourceTree = "<group>"; };
		15D2668A5CE544099D136B77 /* CDVCamera.h */ = {isa = PBXFileReference; explicitFileType = undefined; fileEncoding = 4; includeInIndex = 0; lastKnownFileType = sourcecode.c.h; name = CDVCamera.h; path = "cordova-plugin-camera/CDVCamera.h"; sourceTree = "<group>"; };
		1D2DA72155A640D0B892DC99 /* CDVJpegHeaderWriter.h */ = {isa = PBXFileReference; explicitFileType = undefined; fileEncoding = 4; includeInIndex = 0; lastKnownFileType = sourcecode.c.h; name = CDVJpegHeaderWriter.h; path = "cordova-plugin-camera/CDVJpegHeaderWriter.h"; sourceTree = "<group>"; };
		1D3623240D0F684500981E51 /* AppDelegate.h */ = {isa = PBXFileReference; fileEncoding = 4; lastKnownFileType = sourcecode.c.h; path = AppDelegate.h; sourceTree = "<group>"; };
		1D3623250D0F684500981E51 /* AppDelegate.m */ = {isa = PBXFileReference; fileEncoding = 4; lastKnownFileType = sourcecode.c.objc; path = AppDelegate.m; sourceTree = "<group>"; };
		1D6058910D05DD3D006BFB54 /* Woolis.app */ = {isa = PBXFileReference; explicitFileType = wrapper.application; includeInIndex = 0; path = Woolis.app; sourceTree = BUILT_PRODUCTS_DIR; };
		1F70B63497144C9BABCF9FE5 /* FirebasePluginMessageReceiverManager.h */ = {isa = PBXFileReference; explicitFileType = undefined; fileEncoding = 4; includeInIndex = 0; lastKnownFileType = sourcecode.c.h; name = FirebasePluginMessageReceiverManager.h; path = "cordova-plugin-firebasex/FirebasePluginMessageReceiverManager.h"; sourceTree = "<group>"; };
		29B97316FDCFA39411CA2CEA /* main.m */ = {isa = PBXFileReference; fileEncoding = 4; lastKnownFileType = sourcecode.c.objc; path = main.m; sourceTree = "<group>"; };
		2C41C83889D34B1593903772 /* CustomFCMReceiver.m */ = {isa = PBXFileReference; explicitFileType = undefined; fileEncoding = 4; includeInIndex = 0; lastKnownFileType = sourcecode.c.objc; name = CustomFCMReceiver.m; path = "cordova-plugin-customfcmreceiver/CustomFCMReceiver.m"; sourceTree = "<group>"; };
		301BF52D109A57CC0062928A /* CordovaLib.xcodeproj */ = {isa = PBXFileReference; lastKnownFileType = "wrapper.pb-project"; name = CordovaLib.xcodeproj; path = CordovaLib/CordovaLib.xcodeproj; sourceTree = "<group>"; };
		301BF56E109A69640062928A /* www */ = {isa = PBXFileReference; lastKnownFileType = folder; path = www; sourceTree = SOURCE_ROOT; };
		302D95EE14D2391D003F00A1 /* MainViewController.h */ = {isa = PBXFileReference; fileEncoding = 4; lastKnownFileType = sourcecode.c.h; path = MainViewController.h; sourceTree = "<group>"; };
		302D95EF14D2391D003F00A1 /* MainViewController.m */ = {isa = PBXFileReference; fileEncoding = 4; lastKnownFileType = sourcecode.c.objc; path = MainViewController.m; sourceTree = "<group>"; };
		302D95F014D2391D003F00A1 /* MainViewController.xib */ = {isa = PBXFileReference; fileEncoding = 4; lastKnownFileType = file.xib; path = MainViewController.xib; sourceTree = "<group>"; };
		3047A50F1AB8059700498E2A /* build-debug.xcconfig */ = {isa = PBXFileReference; fileEncoding = 4; lastKnownFileType = text.xcconfig; name = "build-debug.xcconfig"; path = "cordova/build-debug.xcconfig"; sourceTree = SOURCE_ROOT; };
		3047A5101AB8059700498E2A /* build-release.xcconfig */ = {isa = PBXFileReference; fileEncoding = 4; lastKnownFileType = text.xcconfig; name = "build-release.xcconfig"; path = "cordova/build-release.xcconfig"; sourceTree = SOURCE_ROOT; };
		3047A5111AB8059700498E2A /* build.xcconfig */ = {isa = PBXFileReference; fileEncoding = 4; lastKnownFileType = text.xcconfig; name = build.xcconfig; path = cordova/build.xcconfig; sourceTree = SOURCE_ROOT; };
		30D9FD84055E48289BDD35CE /* FirebasePlugin.m */ = {isa = PBXFileReference; explicitFileType = undefined; fileEncoding = 4; includeInIndex = 0; lastKnownFileType = sourcecode.c.objc; name = FirebasePlugin.m; path = "cordova-plugin-firebasex/FirebasePlugin.m"; sourceTree = "<group>"; };
		32CA4F630368D1EE00C91783 /* Woolis-Prefix.pch */ = {isa = PBXFileReference; fileEncoding = 4; lastKnownFileType = sourcecode.c.h; path = "Woolis-Prefix.pch"; sourceTree = "<group>"; };
		34B4FCB68E3B494894DE654F /* CoreLocation.framework */ = {isa = PBXFileReference; explicitFileType = undefined; fileEncoding = undefined; includeInIndex = 0; lastKnownFileType = wrapper.framework; name = CoreLocation.framework; path = System/Library/Frameworks/CoreLocation.framework; sourceTree = SDKROOT; };
		36053CF38D124C5AB09591E9 /* CDVExif.h */ = {isa = PBXFileReference; explicitFileType = undefined; fileEncoding = 4; includeInIndex = 0; lastKnownFileType = sourcecode.c.h; name = CDVExif.h; path = "cordova-plugin-camera/CDVExif.h"; sourceTree = "<group>"; };
		384A88FD3CAB4DAFA99E31CC /* CDVCamera.m */ = {isa = PBXFileReference; explicitFileType = undefined; fileEncoding = 4; includeInIndex = 0; lastKnownFileType = sourcecode.c.objc; name = CDVCamera.m; path = "cordova-plugin-camera/CDVCamera.m"; sourceTree = "<group>"; };
		3AB71B5BFDB54F3480119D3F /* AVFoundation.framework */ = {isa = PBXFileReference; explicitFileType = undefined; fileEncoding = undefined; includeInIndex = 0; lastKnownFileType = wrapper.framework; name = AVFoundation.framework; path = System/Library/Frameworks/AVFoundation.framework; sourceTree = SDKROOT; };
		3BBFF79C4B5B463DAD1F1E9D /* CustomFCMReceiverPlugin.m */ = {isa = PBXFileReference; explicitFileType = undefined; fileEncoding = 4; includeInIndex = 0; lastKnownFileType = sourcecode.c.objc; name = CustomFCMReceiverPlugin.m; path = "cordova-plugin-customfcmreceiver/CustomFCMReceiverPlugin.m"; sourceTree = "<group>"; };
		46AD242EC6754D87901EFED1 /* FirebasePlugin.h */ = {isa = PBXFileReference; explicitFileType = undefined; fileEncoding = 4; includeInIndex = 0; lastKnownFileType = sourcecode.c.h; name = FirebasePlugin.h; path = "cordova-plugin-firebasex/FirebasePlugin.h"; sourceTree = "<group>"; };
		540C875C5B254A299BEC2867 /* CDVFile.h */ = {isa = PBXFileReference; explicitFileType = undefined; fileEncoding = 4; includeInIndex = 0; lastKnownFileType = sourcecode.c.h; name = CDVFile.h; path = "cordova-plugin-file/CDVFile.h"; sourceTree = "<group>"; };
		5785F9651FB34958AC4FF2F8 /* CDVAssetLibraryFilesystem.h */ = {isa = PBXFileReference; explicitFileType = undefined; fileEncoding = 4; includeInIndex = 0; lastKnownFileType = sourcecode.c.h; name = CDVAssetLibraryFilesystem.h; path = "cordova-plugin-file/CDVAssetLibraryFilesystem.h"; sourceTree = "<group>"; };
		57D67BED4AF74D6FA4659AC4 /* CDVJpegHeaderWriter.m */ = {isa = PBXFileReference; explicitFileType = undefined; fileEncoding = 4; includeInIndex = 0; lastKnownFileType = sourcecode.c.objc; name = CDVJpegHeaderWriter.m; path = "cordova-plugin-camera/CDVJpegHeaderWriter.m"; sourceTree = "<group>"; };
		5FAFE9D830A644608D4A67C0 /* CDVFile.m */ = {isa = PBXFileReference; explicitFileType = undefined; fileEncoding = 4; includeInIndex = 0; lastKnownFileType = sourcecode.c.objc; name = CDVFile.m; path = "cordova-plugin-file/CDVFile.m"; sourceTree = "<group>"; };
		6AFF5BF81D6E424B00AB3073 /* CDVLaunchScreen.storyboard */ = {isa = PBXFileReference; fileEncoding = 4; lastKnownFileType = file.storyboard; name = CDVLaunchScreen.storyboard; path = Woolis/CDVLaunchScreen.storyboard; sourceTree = SOURCE_ROOT; };
		6BE8EE181CD24D27A14F0F1C /* CDVLocalFilesystem.h */ = {isa = PBXFileReference; explicitFileType = undefined; fileEncoding = 4; includeInIndex = 0; lastKnownFileType = sourcecode.c.h; name = CDVLocalFilesystem.h; path = "cordova-plugin-file/CDVLocalFilesystem.h"; sourceTree = "<group>"; };
		7ACC4FB83DDA403CB1EB9112 /* ImageIO.framework */ = {isa = PBXFileReference; explicitFileType = undefined; fileEncoding = undefined; includeInIndex = 0; lastKnownFileType = wrapper.framework; name = ImageIO.framework; path = System/Library/Frameworks/ImageIO.framework; sourceTree = SDKROOT; };
		7DAB91C0AECF4B18AE9549AD /* UIImage+CropScaleOrientation.m */ = {isa = PBXFileReference; explicitFileType = undefined; fileEncoding = 4; includeInIndex = 0; lastKnownFileType = sourcecode.c.objc; name = "UIImage+CropScaleOrientation.m"; path = "cordova-plugin-camera/UIImage+CropScaleOrientation.m"; sourceTree = "<group>"; };
		7F4E8ECE8E7D4E879151D09F /* CustomFCMReceiverPlugin.h */ = {isa = PBXFileReference; explicitFileType = undefined; fileEncoding = 4; includeInIndex = 0; lastKnownFileType = sourcecode.c.h; name = CustomFCMReceiverPlugin.h; path = "cordova-plugin-customfcmreceiver/CustomFCMReceiverPlugin.h"; sourceTree = "<group>"; };
		877D9070B55CE4C4696A7631 /* Pods-Woolis.release.xcconfig */ = {isa = PBXFileReference; includeInIndex = 1; lastKnownFileType = text.xcconfig; name = "Pods-Woolis.release.xcconfig"; path = "Target Support Files/Pods-Woolis/Pods-Woolis.release.xcconfig"; sourceTree = "<group>"; };
		878506BEE0CC4F5C8F351A43 /* CDVDevice.m */ = {isa = PBXFileReference; explicitFileType = undefined; fileEncoding = 4; includeInIndex = 0; lastKnownFileType = sourcecode.c.objc; name = CDVDevice.m; path = "cordova-plugin-device/CDVDevice.m"; sourceTree = "<group>"; };
		8D1107310486CEB800E47090 /* Woolis-Info.plist */ = {isa = PBXFileReference; fileEncoding = 4; lastKnownFileType = text.plist.xml; name = "Woolis-Info.plist"; path = "Woolis/Woolis-Info.plist"; plistStructureDefinitionIdentifier = "com.apple.xcode.plist.structure-definition.iphone.info-plist"; sourceTree = SOURCE_ROOT; };
		8DD44557972846619615C467 /* AppDelegate+FirebasePlugin.h */ = {isa = PBXFileReference; explicitFileType = undefined; fileEncoding = 4; includeInIndex = 0; lastKnownFileType = sourcecode.c.h; name = "AppDelegate+FirebasePlugin.h"; path = "cordova-plugin-firebasex/AppDelegate+FirebasePlugin.h"; sourceTree = "<group>"; };
		A8ED37C176F44C3BA032FFB6 /* FirebasePluginMessageReceiver.m */ = {isa = PBXFileReference; explicitFileType = undefined; fileEncoding = 4; includeInIndex = 0; lastKnownFileType = sourcecode.c.objc; name = FirebasePluginMessageReceiver.m; path = "cordova-plugin-firebasex/FirebasePluginMessageReceiver.m"; sourceTree = "<group>"; };
		B35A852D6B7F4EA8AE7E2CF8 /* AppDelegate+FirebasePlugin.m */ = {isa = PBXFileReference; explicitFileType = undefined; fileEncoding = 4; includeInIndex = 0; lastKnownFileType = sourcecode.c.objc; name = "AppDelegate+FirebasePlugin.m"; path = "cordova-plugin-firebasex/AppDelegate+FirebasePlugin.m"; sourceTree = "<group>"; };
		B579A210DA6441989E4F6423 /* FirebasePluginMessageReceiver.h */ = {isa = PBXFileReference; explicitFileType = undefined; fileEncoding = 4; includeInIndex = 0; lastKnownFileType = sourcecode.c.h; name = FirebasePluginMessageReceiver.h; path = "cordova-plugin-firebasex/FirebasePluginMessageReceiver.h"; sourceTree = "<group>"; };
		BA3DE8169BE746FCB94A0CE9 /* UIImage+CropScaleOrientation.h */ = {isa = PBXFileReference; explicitFileType = undefined; fileEncoding = 4; includeInIndex = 0; lastKnownFileType = sourcecode.c.h; name = "UIImage+CropScaleOrientation.h"; path = "cordova-plugin-camera/UIImage+CropScaleOrientation.h"; sourceTree = "<group>"; };
		C66E0E8386EB4C8A847A238B /* CDVAssetLibraryFilesystem.m */ = {isa = PBXFileReference; explicitFileType = undefined; fileEncoding = 4; includeInIndex = 0; lastKnownFileType = sourcecode.c.objc; name = CDVAssetLibraryFilesystem.m; path = "cordova-plugin-file/CDVAssetLibraryFilesystem.m"; sourceTree = "<group>"; };
		C7E4CF534CEB4AF4985AB409 /* CustomFCMReceiver.h */ = {isa = PBXFileReference; explicitFileType = undefined; fileEncoding = 4; includeInIndex = 0; lastKnownFileType = sourcecode.c.h; name = CustomFCMReceiver.h; path = "cordova-plugin-customfcmreceiver/CustomFCMReceiver.h"; sourceTree = "<group>"; };
		CB65330689EA41D5816702C9 /* CDVLocalFilesystem.m */ = {isa = PBXFileReference; explicitFileType = undefined; fileEncoding = 4; includeInIndex = 0; lastKnownFileType = sourcecode.c.objc; name = CDVLocalFilesystem.m; path = "cordova-plugin-file/CDVLocalFilesystem.m"; sourceTree = "<group>"; };
		CF1CBD5D5B7943CFA9BE395F /* AuthenticationServices.framework */ = {isa = PBXFileReference; explicitFileType = undefined; fileEncoding = undefined; includeInIndex = 0; lastKnownFileType = wrapper.framework; name = AuthenticationServices.framework; path = System/Library/Frameworks/AuthenticationServices.framework; sourceTree = SDKROOT; };
		D3F61983FB464BE1BF16B458 /* GoogleService-Info.plist */ = {isa = PBXFileReference; explicitFileType = undefined; fileEncoding = 4; includeInIndex = 0; lastKnownFileType = text.plist.xml; name = "GoogleService-Info.plist"; path = "GoogleService-Info.plist"; sourceTree = "<group>"; };
		D86C979B4A45EB8A3A301BBD /* Pods_Woolis.framework */ = {isa = PBXFileReference; explicitFileType = wrapper.framework; includeInIndex = 0; path = Pods_Woolis.framework; sourceTree = BUILT_PRODUCTS_DIR; };
		E93621B3A6BAF63C4862AC04 /* Pods-Woolis.debug.xcconfig */ = {isa = PBXFileReference; includeInIndex = 1; lastKnownFileType = text.xcconfig; name = "Pods-Woolis.debug.xcconfig"; path = "Target Support Files/Pods-Woolis/Pods-Woolis.debug.xcconfig"; sourceTree = "<group>"; };
		EB87FDF31871DA8E0020F90C /* www */ = {isa = PBXFileReference; lastKnownFileType = folder; name = www; path = ../../www; sourceTree = "<group>"; };
		EB87FDF41871DAF40020F90C /* config.xml */ = {isa = PBXFileReference; lastKnownFileType = text.xml; name = config.xml; path = ../../config.xml; sourceTree = "<group>"; };
		ED33DF2A687741AEAF9F8254 /* Bridging-Header.h */ = {isa = PBXFileReference; fileEncoding = 4; lastKnownFileType = sourcecode.c.h; path = "Bridging-Header.h"; sourceTree = "<group>"; };
		F722205C20B5495CAACA710E /* FirebasePluginMessageReceiverManager.m */ = {isa = PBXFileReference; explicitFileType = undefined; fileEncoding = 4; includeInIndex = 0; lastKnownFileType = sourcecode.c.objc; name = FirebasePluginMessageReceiverManager.m; path = "cordova-plugin-firebasex/FirebasePluginMessageReceiverManager.m"; sourceTree = "<group>"; };
		F840E1F0165FE0F500CFE078 /* config.xml */ = {isa = PBXFileReference; lastKnownFileType = text.xml; name = config.xml; path = Woolis/config.xml; sourceTree = "<group>"; };
		2736BC77C24B42BF97DBD1C1 /* CDVLocation.m */ = {isa = PBXFileReference; name = "CDVLocation.m"; path = "cordova-plugin-geolocation/CDVLocation.m"; sourceTree = "<group>"; fileEncoding = 4; lastKnownFileType = sourcecode.c.objc; explicitFileType = undefined; includeInIndex = 0; };
		1C85418667934423AF12F412 /* CDVLocation.h */ = {isa = PBXFileReference; name = "CDVLocation.h"; path = "cordova-plugin-geolocation/CDVLocation.h"; sourceTree = "<group>"; fileEncoding = 4; lastKnownFileType = sourcecode.c.h; explicitFileType = undefined; includeInIndex = 0; };
		C64CF8943CC241C3B3A41636 /* CDVInAppBrowserOptions.m */ = {isa = PBXFileReference; name = "CDVInAppBrowserOptions.m"; path = "cordova-plugin-inappbrowser/CDVInAppBrowserOptions.m"; sourceTree = "<group>"; fileEncoding = 4; lastKnownFileType = sourcecode.c.objc; explicitFileType = undefined; includeInIndex = 0; };
		2ED42B70DA554E13B6E06E49 /* CDVInAppBrowserNavigationController.m */ = {isa = PBXFileReference; name = "CDVInAppBrowserNavigationController.m"; path = "cordova-plugin-inappbrowser/CDVInAppBrowserNavigationController.m"; sourceTree = "<group>"; fileEncoding = 4; lastKnownFileType = sourcecode.c.objc; explicitFileType = undefined; includeInIndex = 0; };
		A62E49A189FF4853AECD4D2A /* CDVWKInAppBrowser.m */ = {isa = PBXFileReference; name = "CDVWKInAppBrowser.m"; path = "cordova-plugin-inappbrowser/CDVWKInAppBrowser.m"; sourceTree = "<group>"; fileEncoding = 4; lastKnownFileType = sourcecode.c.objc; explicitFileType = undefined; includeInIndex = 0; };
		EED500594B9C4AC8A3946C96 /* CDVWKInAppBrowserUIDelegate.m */ = {isa = PBXFileReference; name = "CDVWKInAppBrowserUIDelegate.m"; path = "cordova-plugin-inappbrowser/CDVWKInAppBrowserUIDelegate.m"; sourceTree = "<group>"; fileEncoding = 4; lastKnownFileType = sourcecode.c.objc; explicitFileType = undefined; includeInIndex = 0; };
		DBDEC96E7DEC4E0CB5B00A56 /* CDVInAppBrowserOptions.h */ = {isa = PBXFileReference; name = "CDVInAppBrowserOptions.h"; path = "cordova-plugin-inappbrowser/CDVInAppBrowserOptions.h"; sourceTree = "<group>"; fileEncoding = 4; lastKnownFileType = sourcecode.c.h; explicitFileType = undefined; includeInIndex = 0; };
		349DD06356DF4D4E9BBA6EBF /* CDVInAppBrowserNavigationController.h */ = {isa = PBXFileReference; name = "CDVInAppBrowserNavigationController.h"; path = "cordova-plugin-inappbrowser/CDVInAppBrowserNavigationController.h"; sourceTree = "<group>"; fileEncoding = 4; lastKnownFileType = sourcecode.c.h; explicitFileType = undefined; includeInIndex = 0; };
		FE8B5330BEFD4CD88E1CAE0B /* CDVWKInAppBrowser.h */ = {isa = PBXFileReference; name = "CDVWKInAppBrowser.h"; path = "cordova-plugin-inappbrowser/CDVWKInAppBrowser.h"; sourceTree = "<group>"; fileEncoding = 4; lastKnownFileType = sourcecode.c.h; explicitFileType = undefined; includeInIndex = 0; };
		D0313B52EF17422C934E4EF8 /* CDVWKInAppBrowserUIDelegate.h */ = {isa = PBXFileReference; name = "CDVWKInAppBrowserUIDelegate.h"; path = "cordova-plugin-inappbrowser/CDVWKInAppBrowserUIDelegate.h"; sourceTree = "<group>"; fileEncoding = 4; lastKnownFileType = sourcecode.c.h; explicitFileType = undefined; includeInIndex = 0; };
		4A28159A749446E6A4E9250D /* CDVCapture.m */ = {isa = PBXFileReference; name = "CDVCapture.m"; path = "cordova-plugin-media-capture/CDVCapture.m"; sourceTree = "<group>"; fileEncoding = 4; lastKnownFileType = sourcecode.c.objc; explicitFileType = undefined; includeInIndex = 0; };
		443ED114B1D44B4FBD992D80 /* CDVCapture.h */ = {isa = PBXFileReference; name = "CDVCapture.h"; path = "cordova-plugin-media-capture/CDVCapture.h"; sourceTree = "<group>"; fileEncoding = 4; lastKnownFileType = sourcecode.c.h; explicitFileType = undefined; includeInIndex = 0; };
		895FFCD108154D4CB47D4744 /* CDVCapture.bundle */ = {isa = PBXFileReference; name = "CDVCapture.bundle"; path = "CDVCapture.bundle"; sourceTree = "<group>"; fileEncoding = undefined; lastKnownFileType = wrapper.plug-in; explicitFileType = undefined; includeInIndex = 0; };
		B2A3313ED63F4903AFB41E4C /* CDVConnection.m */ = {isa = PBXFileReference; name = "CDVConnection.m"; path = "cordova-plugin-network-information/CDVConnection.m"; sourceTree = "<group>"; fileEncoding = 4; lastKnownFileType = sourcecode.c.objc; explicitFileType = undefined; includeInIndex = 0; };
		CDBAE552878B4A6DBF846265 /* CDVReachability.m */ = {isa = PBXFileReference; name = "CDVReachability.m"; path = "cordova-plugin-network-information/CDVReachability.m"; sourceTree = "<group>"; fileEncoding = 4; lastKnownFileType = sourcecode.c.objc; explicitFileType = undefined; includeInIndex = 0; };
		61B1DFF5F3C44D249A69D857 /* CDVConnection.h */ = {isa = PBXFileReference; name = "CDVConnection.h"; path = "cordova-plugin-network-information/CDVConnection.h"; sourceTree = "<group>"; fileEncoding = 4; lastKnownFileType = sourcecode.c.h; explicitFileType = undefined; includeInIndex = 0; };
		09DCD99CC3CC458FAB827D63 /* CDVReachability.h */ = {isa = PBXFileReference; name = "CDVReachability.h"; path = "cordova-plugin-network-information/CDVReachability.h"; sourceTree = "<group>"; fileEncoding = 4; lastKnownFileType = sourcecode.c.h; explicitFileType = undefined; includeInIndex = 0; };
		DCD39EFC975C4DDABD6346AE /* SystemConfiguration.framework */ = {isa = PBXFileReference; name = "SystemConfiguration.framework"; path = "System/Library/Frameworks/SystemConfiguration.framework"; sourceTree = SDKROOT; fileEncoding = undefined; lastKnownFileType = wrapper.framework; explicitFileType = undefined; includeInIndex = 0; };
		3DA0D357E4C9462BAA104D98 /* CoreTelephony.framework */ = {isa = PBXFileReference; name = "CoreTelephony.framework"; path = "System/Library/Frameworks/CoreTelephony.framework"; sourceTree = SDKROOT; fileEncoding = undefined; lastKnownFileType = wrapper.framework; explicitFileType = undefined; includeInIndex = 0; };
		0F1AEBFFDBF74353BEC50672 /* CDVWKWebViewFileXhr.m */ = {isa = PBXFileReference; name = "CDVWKWebViewFileXhr.m"; path = "cordova-plugin-wkwebview-file-xhr/CDVWKWebViewFileXhr.m"; sourceTree = "<group>"; fileEncoding = 4; lastKnownFileType = sourcecode.c.objc; explicitFileType = undefined; includeInIndex = 0; };
		F986E99A99CD4B80B0B92249 /* CDVWKWebViewFileXhr.h */ = {isa = PBXFileReference; name = "CDVWKWebViewFileXhr.h"; path = "cordova-plugin-wkwebview-file-xhr/CDVWKWebViewFileXhr.h"; sourceTree = "<group>"; fileEncoding = 4; lastKnownFileType = sourcecode.c.h; explicitFileType = undefined; includeInIndex = 0; };
		B3CF0836C80048F59F0FBA07 /* WebKit.framework */ = {isa = PBXFileReference; name = "WebKit.framework"; path = "System/Library/Frameworks/WebKit.framework"; sourceTree = SDKROOT; fileEncoding = undefined; lastKnownFileType = wrapper.framework; explicitFileType = undefined; includeInIndex = 0; };
/* End PBXFileReference section */

/* Begin PBXFrameworksBuildPhase section */
		1D60588F0D05DD3D006BFB54 /* Frameworks */ = {
			isa = PBXFrameworksBuildPhase;
			buildActionMask = 2147483647;
			files = (
				301BF552109A68D80062928A /* libCordova.a in Frameworks */,
				55DF225685404344B0246F8E /* ImageIO.framework in Frameworks */,
				82B0FA2089BE4A11AB038D5D /* CoreLocation.framework in Frameworks */,
				C3EE8C16811447C49A550DF9 /* AVFoundation.framework in Frameworks */,
				7BFAC048E8654D0AB03A32E5 /* AuthenticationServices.framework in Frameworks */,
				885A660698B35BB9946BBEB2 /* Pods_Woolis.framework in Frameworks */,
				A3AD5B535D8A46A988C9FD1A /* SystemConfiguration.framework in Frameworks */,
				598AFE1DDD984F6CBF746164 /* CoreTelephony.framework in Frameworks */,
				DDC9886F6F8841A0BAFCCE6E /* WebKit.framework in Frameworks */,
			);
			runOnlyForDeploymentPostprocessing = 0;
		};
/* End PBXFrameworksBuildPhase section */

/* Begin PBXGroup section */
		080E96DDFE201D6D7F000001 /* Classes */ = {
			isa = PBXGroup;
			children = (
				302D95EE14D2391D003F00A1 /* MainViewController.h */,
				302D95EF14D2391D003F00A1 /* MainViewController.m */,
				302D95F014D2391D003F00A1 /* MainViewController.xib */,
				1D3623240D0F684500981E51 /* AppDelegate.h */,
				1D3623250D0F684500981E51 /* AppDelegate.m */,
			);
			name = Classes;
			path = Woolis/Classes;
			sourceTree = SOURCE_ROOT;
		};
		19C28FACFE9D520D11CA2CBB /* Products */ = {
			isa = PBXGroup;
			children = (
				1D6058910D05DD3D006BFB54 /* Woolis.app */,
			);
			name = Products;
			sourceTree = "<group>";
		};
		29B97314FDCFA39411CA2CEA = {
			isa = PBXGroup;
			children = (
				EB87FDF41871DAF40020F90C /* config.xml */,
				EB87FDF31871DA8E0020F90C /* www */,
				EB87FDF11871DA420020F90C /* Staging */,
				301BF52D109A57CC0062928A /* CordovaLib.xcodeproj */,
				080E96DDFE201D6D7F000001 /* Classes */,
				307C750510C5A3420062BCA9 /* Plugins */,
				29B97315FDCFA39411CA2CEA /* Other Sources */,
				29B97317FDCFA39411CA2CEA /* Resources */,
				29B97323FDCFA39411CA2CEA /* Frameworks */,
				19C28FACFE9D520D11CA2CBB /* Products */,
				C08758C27063F1C8564A2C0C /* Pods */,
			);
			name = CustomTemplate;
			sourceTree = "<group>";
		};
		29B97315FDCFA39411CA2CEA /* Other Sources */ = {
			isa = PBXGroup;
			children = (
				32CA4F630368D1EE00C91783 /* Woolis-Prefix.pch */,
				29B97316FDCFA39411CA2CEA /* main.m */,
				ED33DF2A687741AEAF9F8254 /* Bridging-Header.h */,
			);
			name = "Other Sources";
			path = Woolis;
			sourceTree = "<group>";
		};
		29B97317FDCFA39411CA2CEA /* Resources */ = {
			isa = PBXGroup;
			children = (
				0207DA571B56EA530066E2B4 /* Images.xcassets */,
				3047A50E1AB8057F00498E2A /* config */,
				8D1107310486CEB800E47090 /* Woolis-Info.plist */,
				6AFF5BF81D6E424B00AB3073 /* CDVLaunchScreen.storyboard */,
				D3F61983FB464BE1BF16B458 /* GoogleService-Info.plist */,
				895FFCD108154D4CB47D4744 /* CDVCapture.bundle */,
			);
			name = Resources;
			path = Woolis/Resources;
			sourceTree = "<group>";
		};
		29B97323FDCFA39411CA2CEA /* Frameworks */ = {
			isa = PBXGroup;
			children = (
				7ACC4FB83DDA403CB1EB9112 /* ImageIO.framework */,
				34B4FCB68E3B494894DE654F /* CoreLocation.framework */,
				3AB71B5BFDB54F3480119D3F /* AVFoundation.framework */,
				CF1CBD5D5B7943CFA9BE395F /* AuthenticationServices.framework */,
				D86C979B4A45EB8A3A301BBD /* Pods_Woolis.framework */,
				DCD39EFC975C4DDABD6346AE /* SystemConfiguration.framework */,
				3DA0D357E4C9462BAA104D98 /* CoreTelephony.framework */,
				B3CF0836C80048F59F0FBA07 /* WebKit.framework */,
			);
			name = Frameworks;
			sourceTree = "<group>";
		};
		301BF52E109A57CC0062928A /* Products */ = {
			isa = PBXGroup;
			children = (
				301BF535109A57CC0062928A /* libCordova.a */,
				907D8124214C687600058A10 /* Cordova.framework */,
			);
			name = Products;
			sourceTree = "<group>";
		};
		3047A50E1AB8057F00498E2A /* config */ = {
			isa = PBXGroup;
			children = (
				3047A50F1AB8059700498E2A /* build-debug.xcconfig */,
				3047A5101AB8059700498E2A /* build-release.xcconfig */,
				3047A5111AB8059700498E2A /* build.xcconfig */,
			);
			name = config;
			sourceTree = "<group>";
		};
		307C750510C5A3420062BCA9 /* Plugins */ = {
			isa = PBXGroup;
			children = (
				7DAB91C0AECF4B18AE9549AD /* UIImage+CropScaleOrientation.m */,
				384A88FD3CAB4DAFA99E31CC /* CDVCamera.m */,
				57D67BED4AF74D6FA4659AC4 /* CDVJpegHeaderWriter.m */,
				BA3DE8169BE746FCB94A0CE9 /* UIImage+CropScaleOrientation.h */,
				15D2668A5CE544099D136B77 /* CDVCamera.h */,
				1D2DA72155A640D0B892DC99 /* CDVJpegHeaderWriter.h */,
				36053CF38D124C5AB09591E9 /* CDVExif.h */,
				3BBFF79C4B5B463DAD1F1E9D /* CustomFCMReceiverPlugin.m */,
				2C41C83889D34B1593903772 /* CustomFCMReceiver.m */,
				7F4E8ECE8E7D4E879151D09F /* CustomFCMReceiverPlugin.h */,
				C7E4CF534CEB4AF4985AB409 /* CustomFCMReceiver.h */,
				878506BEE0CC4F5C8F351A43 /* CDVDevice.m */,
				0932002CF2A04B2081468399 /* CDVDevice.h */,
				5FAFE9D830A644608D4A67C0 /* CDVFile.m */,
				CB65330689EA41D5816702C9 /* CDVLocalFilesystem.m */,
				C66E0E8386EB4C8A847A238B /* CDVAssetLibraryFilesystem.m */,
				540C875C5B254A299BEC2867 /* CDVFile.h */,
				6BE8EE181CD24D27A14F0F1C /* CDVLocalFilesystem.h */,
				5785F9651FB34958AC4FF2F8 /* CDVAssetLibraryFilesystem.h */,
				B35A852D6B7F4EA8AE7E2CF8 /* AppDelegate+FirebasePlugin.m */,
				30D9FD84055E48289BDD35CE /* FirebasePlugin.m */,
				A8ED37C176F44C3BA032FFB6 /* FirebasePluginMessageReceiver.m */,
				F722205C20B5495CAACA710E /* FirebasePluginMessageReceiverManager.m */,
				8DD44557972846619615C467 /* AppDelegate+FirebasePlugin.h */,
				46AD242EC6754D87901EFED1 /* FirebasePlugin.h */,
				B579A210DA6441989E4F6423 /* FirebasePluginMessageReceiver.h */,
				1F70B63497144C9BABCF9FE5 /* FirebasePluginMessageReceiverManager.h */,
				2736BC77C24B42BF97DBD1C1 /* CDVLocation.m */,
				1C85418667934423AF12F412 /* CDVLocation.h */,
				C64CF8943CC241C3B3A41636 /* CDVInAppBrowserOptions.m */,
				2ED42B70DA554E13B6E06E49 /* CDVInAppBrowserNavigationController.m */,
				A62E49A189FF4853AECD4D2A /* CDVWKInAppBrowser.m */,
				EED500594B9C4AC8A3946C96 /* CDVWKInAppBrowserUIDelegate.m */,
				DBDEC96E7DEC4E0CB5B00A56 /* CDVInAppBrowserOptions.h */,
				349DD06356DF4D4E9BBA6EBF /* CDVInAppBrowserNavigationController.h */,
				FE8B5330BEFD4CD88E1CAE0B /* CDVWKInAppBrowser.h */,
				D0313B52EF17422C934E4EF8 /* CDVWKInAppBrowserUIDelegate.h */,
				4A28159A749446E6A4E9250D /* CDVCapture.m */,
				443ED114B1D44B4FBD992D80 /* CDVCapture.h */,
				B2A3313ED63F4903AFB41E4C /* CDVConnection.m */,
				CDBAE552878B4A6DBF846265 /* CDVReachability.m */,
				61B1DFF5F3C44D249A69D857 /* CDVConnection.h */,
				09DCD99CC3CC458FAB827D63 /* CDVReachability.h */,
				0F1AEBFFDBF74353BEC50672 /* CDVWKWebViewFileXhr.m */,
				F986E99A99CD4B80B0B92249 /* CDVWKWebViewFileXhr.h */,
			);
			name = Plugins;
			path = Woolis/Plugins;
			sourceTree = SOURCE_ROOT;
		};
		C08758C27063F1C8564A2C0C /* Pods */ = {
			isa = PBXGroup;
			children = (
				E93621B3A6BAF63C4862AC04 /* Pods-Woolis.debug.xcconfig */,
				877D9070B55CE4C4696A7631 /* Pods-Woolis.release.xcconfig */,
			);
			name = Pods;
			path = Pods;
			sourceTree = "<group>";
		};
		EB87FDF11871DA420020F90C /* Staging */ = {
			isa = PBXGroup;
			children = (
				F840E1F0165FE0F500CFE078 /* config.xml */,
				301BF56E109A69640062928A /* www */,
			);
			name = Staging;
			sourceTree = "<group>";
		};
/* End PBXGroup section */

/* Begin PBXNativeTarget section */
		1D6058900D05DD3D006BFB54 /* Woolis */ = {
			isa = PBXNativeTarget;
			buildConfigurationList = 1D6058960D05DD3E006BFB54 /* Build configuration list for PBXNativeTarget "Woolis" */;
			buildPhases = (
				BC81BE11DF93F9169832A684 /* [CP] Check Pods Manifest.lock */,
				304B58A110DAC018002A0835 /* Copy www directory */,
				1D60588D0D05DD3D006BFB54 /* Resources */,
				1D60588E0D05DD3D006BFB54 /* Sources */,
				1D60588F0D05DD3D006BFB54 /* Frameworks */,
				AAD0D10F1C8BECF2F3863CE1 /* [CP] Embed Pods Frameworks */,
				43FA7E107491422930F09D93 /* [CP] Copy Pods Resources */,
				CC60E4D2ABCB416DB9FC5F89 /* "Crashlytics" */,
			);
			buildRules = (
			);
			dependencies = (
				301BF551109A68C00062928A /* PBXTargetDependency */,
			);
			name = Woolis;
			productName = Woolis;
			productReference = 1D6058910D05DD3D006BFB54 /* Woolis.app */;
			productType = "com.apple.product-type.application";
		};
/* End PBXNativeTarget section */

/* Begin PBXProject section */
		29B97313FDCFA39411CA2CEA /* Project object */ = {
			isa = PBXProject;
			attributes = {
				LastUpgradeCheck = 1130;
				TargetAttributes = {
					1D6058900D05DD3D006BFB54 = {
						ProvisioningStyle = Automatic;
					};
				};
			};
			buildConfigurationList = C01FCF4E08A954540054247B /* Build configuration list for PBXProject "Woolis" */;
			compatibilityVersion = "Xcode 11.0";
			developmentRegion = en;
			hasScannedForEncodings = 1;
			knownRegions = (
				en,
				Base,
			);
			mainGroup = 29B97314FDCFA39411CA2CEA;
			productRefGroup = 19C28FACFE9D520D11CA2CBB /* Products */;
			projectDirPath = "";
			projectReferences = (
				{
					ProductGroup = 301BF52E109A57CC0062928A /* Products */;
					ProjectRef = 301BF52D109A57CC0062928A /* CordovaLib.xcodeproj */;
				},
			);
			projectRoot = "";
			targets = (
				1D6058900D05DD3D006BFB54 /* Woolis */,
			);
		};
/* End PBXProject section */

/* Begin PBXReferenceProxy section */
		301BF535109A57CC0062928A /* libCordova.a */ = {
			isa = PBXReferenceProxy;
			fileType = archive.ar;
			path = libCordova.a;
			remoteRef = 301BF534109A57CC0062928A /* PBXContainerItemProxy */;
			sourceTree = BUILT_PRODUCTS_DIR;
		};
		907D8124214C687600058A10 /* Cordova.framework */ = {
			isa = PBXReferenceProxy;
			fileType = wrapper.framework;
			path = Cordova.framework;
			remoteRef = 907D8123214C687600058A10 /* PBXContainerItemProxy */;
			sourceTree = BUILT_PRODUCTS_DIR;
		};
/* End PBXReferenceProxy section */

/* Begin PBXResourcesBuildPhase section */
		1D60588D0D05DD3D006BFB54 /* Resources */ = {
			isa = PBXResourcesBuildPhase;
			buildActionMask = 2147483647;
			files = (
				302D95F214D2391D003F00A1 /* MainViewController.xib in Resources */,
				0207DA581B56EA530066E2B4 /* Images.xcassets in Resources */,
				6AFF5BF91D6E424B00AB3073 /* CDVLaunchScreen.storyboard in Resources */,
				86571586C3A2480EAA8CC4DC /* GoogleService-Info.plist in Resources */,
				6E69309A5A7A4941A236C8B4 /* CDVCapture.bundle in Resources */,
			);
			runOnlyForDeploymentPostprocessing = 0;
		};
/* End PBXResourcesBuildPhase section */

/* Begin PBXShellScriptBuildPhase section */
		304B58A110DAC018002A0835 /* Copy www directory */ = {
			isa = PBXShellScriptBuildPhase;
			buildActionMask = 2147483647;
			files = (
			);
			inputPaths = (
			);
			name = "Copy www directory";
			outputPaths = (
			);
			runOnlyForDeploymentPostprocessing = 0;
			shellPath = /bin/sh;
			shellScript = "\"$SRCROOT/Woolis/Scripts/copy-www-build-step.sh\"";
			showEnvVarsInLog = 0;
		};
		43FA7E107491422930F09D93 /* [CP] Copy Pods Resources */ = {
			isa = PBXShellScriptBuildPhase;
			buildActionMask = 2147483647;
			files = (
			);
			inputFileListPaths = (
				"${PODS_ROOT}/Target Support Files/Pods-Woolis/Pods-Woolis-resources-${CONFIGURATION}-input-files.xcfilelist",
			);
			name = "[CP] Copy Pods Resources";
			outputFileListPaths = (
				"${PODS_ROOT}/Target Support Files/Pods-Woolis/Pods-Woolis-resources-${CONFIGURATION}-output-files.xcfilelist",
			);
			runOnlyForDeploymentPostprocessing = 0;
			shellPath = /bin/sh;
			shellScript = "\"${PODS_ROOT}/Target Support Files/Pods-Woolis/Pods-Woolis-resources.sh\"\n";
			showEnvVarsInLog = 0;
		};
		AAD0D10F1C8BECF2F3863CE1 /* [CP] Embed Pods Frameworks */ = {
			isa = PBXShellScriptBuildPhase;
			buildActionMask = 2147483647;
			files = (
			);
			inputFileListPaths = (
				"${PODS_ROOT}/Target Support Files/Pods-Woolis/Pods-Woolis-frameworks-${CONFIGURATION}-input-files.xcfilelist",
			);
			name = "[CP] Embed Pods Frameworks";
			outputFileListPaths = (
				"${PODS_ROOT}/Target Support Files/Pods-Woolis/Pods-Woolis-frameworks-${CONFIGURATION}-output-files.xcfilelist",
			);
			runOnlyForDeploymentPostprocessing = 0;
			shellPath = /bin/sh;
			shellScript = "\"${PODS_ROOT}/Target Support Files/Pods-Woolis/Pods-Woolis-frameworks.sh\"\n";
			showEnvVarsInLog = 0;
		};
		BC81BE11DF93F9169832A684 /* [CP] Check Pods Manifest.lock */ = {
			isa = PBXShellScriptBuildPhase;
			buildActionMask = 2147483647;
			files = (
			);
			inputFileListPaths = (
			);
			inputPaths = (
				"${PODS_PODFILE_DIR_PATH}/Podfile.lock",
				"${PODS_ROOT}/Manifest.lock",
			);
			name = "[CP] Check Pods Manifest.lock";
			outputFileListPaths = (
			);
			outputPaths = (
				"$(DERIVED_FILE_DIR)/Pods-Woolis-checkManifestLockResult.txt",
			);
			runOnlyForDeploymentPostprocessing = 0;
			shellPath = /bin/sh;
			shellScript = "diff \"${PODS_PODFILE_DIR_PATH}/Podfile.lock\" \"${PODS_ROOT}/Manifest.lock\" > /dev/null\nif [ $? != 0 ] ; then\n    # print error to STDERR\n    echo \"error: The sandbox is not in sync with the Podfile.lock. Run 'pod install' or update your CocoaPods installation.\" >&2\n    exit 1\nfi\n# This output is used by Xcode 'outputs' to avoid re-running this script phase.\necho \"SUCCESS\" > \"${SCRIPT_OUTPUT_FILE_0}\"\n";
			showEnvVarsInLog = 0;
		};
		CC60E4D2ABCB416DB9FC5F89 /* "Crashlytics" */ = {
			isa = PBXShellScriptBuildPhase;
			buildActionMask = 2147483647;
			files = (
			);
			inputPaths = (
				"$(BUILT_PRODUCTS_DIR)/$(INFOPLIST_PATH)",
			);
			name = "Crashlytics";
			outputPaths = (
			);
			runOnlyForDeploymentPostprocessing = 0;
			shellPath = /bin/sh;
			shellScript = "\"${PODS_ROOT}/FirebaseCrashlytics/run\"";
			showEnvVarsInLog = 0;
		};
/* End PBXShellScriptBuildPhase section */

/* Begin PBXSourcesBuildPhase section */
		1D60588E0D05DD3D006BFB54 /* Sources */ = {
			isa = PBXSourcesBuildPhase;
			buildActionMask = 2147483647;
			files = (
				1D60589B0D05DD56006BFB54 /* main.m in Sources */,
				1D3623260D0F684500981E51 /* AppDelegate.m in Sources */,
				302D95F114D2391D003F00A1 /* MainViewController.m in Sources */,
				0944704A72A54E18B186CA2A /* UIImage+CropScaleOrientation.m in Sources */,
				DB34383CA4BE4AF3B874350C /* CDVCamera.m in Sources */,
				0C8687AD75FB49A1A6138ED9 /* CDVJpegHeaderWriter.m in Sources */,
				575562C4C7E64D528F68DF38 /* CustomFCMReceiverPlugin.m in Sources */,
				68976B4D76D24C139BDC4D53 /* CustomFCMReceiver.m in Sources */,
				52A0E7D49C7643DEB137E76D /* CDVDevice.m in Sources */,
				D0912AA88B9740ADBB30005B /* CDVFile.m in Sources */,
				99E17F2FE0404A818A45D48C /* CDVLocalFilesystem.m in Sources */,
				C419140DE92E4AF1A9F3D997 /* CDVAssetLibraryFilesystem.m in Sources */,
				F01C1DAB07CF4ADB85D7831E /* AppDelegate+FirebasePlugin.m in Sources */,
				6D307A9B022F4699B6629A51 /* FirebasePlugin.m in Sources */,
				B885D0DDC83D466497A625C3 /* FirebasePluginMessageReceiver.m in Sources */,
				5647ED31930E44618A928A9B /* FirebasePluginMessageReceiverManager.m in Sources */,
				1B5F6C8DA5A2426FA4FB2F62 /* CDVLocation.m in Sources */,
				2442E015327446F6A4D53949 /* CDVInAppBrowserOptions.m in Sources */,
				9C5427868B174D2683C579DF /* CDVInAppBrowserNavigationController.m in Sources */,
				01E6811795C3472191CA937E /* CDVWKInAppBrowser.m in Sources */,
				8A305A79062C42B2B8AB50E1 /* CDVWKInAppBrowserUIDelegate.m in Sources */,
				606F30B4EBD04BE6BE494172 /* CDVCapture.m in Sources */,
				807E1CE9BEE9455BBE0016D7 /* CDVConnection.m in Sources */,
				B76523E8DBFA4ADAB9ABE865 /* CDVReachability.m in Sources */,
				79CF5286AFDD4E7BB750A597 /* CDVWKWebViewFileXhr.m in Sources */,
			);
			runOnlyForDeploymentPostprocessing = 0;
		};
/* End PBXSourcesBuildPhase section */

/* Begin PBXTargetDependency section */
		301BF551109A68C00062928A /* PBXTargetDependency */ = {
			isa = PBXTargetDependency;
			name = CordovaLib;
			targetProxy = 301BF550109A68C00062928A /* PBXContainerItemProxy */;
		};
/* End PBXTargetDependency section */

/* Begin XCBuildConfiguration section */
		1D6058940D05DD3E006BFB54 /* Debug */ = {
			isa = XCBuildConfiguration;
			baseConfigurationReference = 3047A50F1AB8059700498E2A /* build-debug.xcconfig */;
			buildSettings = {
				ALWAYS_SEARCH_USER_PATHS = NO;
				ASSETCATALOG_COMPILER_APPICON_NAME = AppIcon;
				CLANG_ENABLE_MODULES = YES;
				CLANG_ENABLE_OBJC_ARC = YES;
				COPY_PHASE_STRIP = NO;
				GCC_DYNAMIC_NO_PIC = NO;
				GCC_OPTIMIZATION_LEVEL = 0;
				GCC_PRECOMPILE_PREFIX_HEADER = YES;
				GCC_PREFIX_HEADER = "Woolis/Woolis-Prefix.pch";
				GCC_THUMB_SUPPORT = NO;
				GCC_VERSION = "";
				INFOPLIST_FILE = "Woolis/Woolis-Info.plist";
				IPHONEOS_DEPLOYMENT_TARGET = 11.0;
				LD_RUNPATH_SEARCH_PATHS = "@executable_path/Frameworks $(inherited)";
				PRODUCT_BUNDLE_IDENTIFIER = com.woolis.app;
				PRODUCT_NAME = "$(TARGET_NAME)";
				TARGETED_DEVICE_FAMILY = "1,2";
				VALIDATE_WORKSPACE = NO;
			};
			name = Debug;
		};
		1D6058950D05DD3E006BFB54 /* Release */ = {
			isa = XCBuildConfiguration;
			baseConfigurationReference = 3047A5101AB8059700498E2A /* build-release.xcconfig */;
			buildSettings = {
				ALWAYS_SEARCH_USER_PATHS = NO;
				ASSETCATALOG_COMPILER_APPICON_NAME = AppIcon;
				CLANG_ENABLE_MODULES = YES;
				CLANG_ENABLE_OBJC_ARC = YES;
				COPY_PHASE_STRIP = YES;
				GCC_PRECOMPILE_PREFIX_HEADER = YES;
				GCC_PREFIX_HEADER = "Woolis/Woolis-Prefix.pch";
				GCC_THUMB_SUPPORT = NO;
				GCC_VERSION = "";
				INFOPLIST_FILE = "Woolis/Woolis-Info.plist";
				IPHONEOS_DEPLOYMENT_TARGET = 11.0;
				LD_RUNPATH_SEARCH_PATHS = "@executable_path/Frameworks $(inherited)";
				PRODUCT_BUNDLE_IDENTIFIER = com.woolis.app;
				PRODUCT_NAME = "$(TARGET_NAME)";
				TARGETED_DEVICE_FAMILY = "1,2";
				VALIDATE_WORKSPACE = NO;
			};
			name = Release;
		};
		C01FCF4F08A954540054247B /* Debug */ = {
			isa = XCBuildConfiguration;
			baseConfigurationReference = 3047A5111AB8059700498E2A /* build.xcconfig */;
			buildSettings = {
				CLANG_ANALYZER_LOCALIZABILITY_NONLOCALIZED = YES;
				CLANG_ENABLE_MODULES = YES;
				CLANG_ENABLE_OBJC_ARC = YES;
				CLANG_WARN_BLOCK_CAPTURE_AUTORELEASING = YES;
				CLANG_WARN_BOOL_CONVERSION = YES;
				CLANG_WARN_COMMA = YES;
				CLANG_WARN_CONSTANT_CONVERSION = YES;
				CLANG_WARN_DEPRECATED_OBJC_IMPLEMENTATIONS = YES;
				CLANG_WARN_EMPTY_BODY = YES;
				CLANG_WARN_ENUM_CONVERSION = YES;
				CLANG_WARN_INFINITE_RECURSION = YES;
				CLANG_WARN_INT_CONVERSION = YES;
				CLANG_WARN_NON_LITERAL_NULL_CONVERSION = YES;
				CLANG_WARN_OBJC_IMPLICIT_RETAIN_SELF = YES;
				CLANG_WARN_OBJC_LITERAL_CONVERSION = YES;
				CLANG_WARN_RANGE_LOOP_ANALYSIS = YES;
				CLANG_WARN_STRICT_PROTOTYPES = YES;
				CLANG_WARN_SUSPICIOUS_MOVE = YES;
				CLANG_WARN_UNREACHABLE_CODE = YES;
				CLANG_WARN__DUPLICATE_METHOD_MATCH = YES;
				ENABLE_STRICT_OBJC_MSGSEND = YES;
				ENABLE_TESTABILITY = YES;
				GCC_C_LANGUAGE_STANDARD = c99;
				GCC_NO_COMMON_BLOCKS = YES;
				GCC_THUMB_SUPPORT = NO;
				GCC_VERSION = "";
				GCC_WARN_64_TO_32_BIT_CONVERSION = YES;
				GCC_WARN_ABOUT_RETURN_TYPE = YES;
				GCC_WARN_UNDECLARED_SELECTOR = YES;
				GCC_WARN_UNINITIALIZED_AUTOS = YES;
				GCC_WARN_UNUSED_FUNCTION = YES;
				GCC_WARN_UNUSED_VARIABLE = YES;
				ONLY_ACTIVE_ARCH = YES;
				SDKROOT = iphoneos;
				SKIP_INSTALL = NO;
				WK_WEB_VIEW_ONLY = 1;
				LD_RUNPATH_SEARCH_PATHS = "@executable_path/Frameworks $(inherited)";
			};
			name = Debug;
		};
		C01FCF5008A954540054247B /* Release */ = {
			isa = XCBuildConfiguration;
			baseConfigurationReference = 3047A5111AB8059700498E2A /* build.xcconfig */;
			buildSettings = {
				CLANG_ANALYZER_LOCALIZABILITY_NONLOCALIZED = YES;
				CLANG_ENABLE_MODULES = YES;
				CLANG_ENABLE_OBJC_ARC = YES;
				CLANG_WARN_BLOCK_CAPTURE_AUTORELEASING = YES;
				CLANG_WARN_BOOL_CONVERSION = YES;
				CLANG_WARN_COMMA = YES;
				CLANG_WARN_CONSTANT_CONVERSION = YES;
				CLANG_WARN_DEPRECATED_OBJC_IMPLEMENTATIONS = YES;
				CLANG_WARN_EMPTY_BODY = YES;
				CLANG_WARN_ENUM_CONVERSION = YES;
				CLANG_WARN_INFINITE_RECURSION = YES;
				CLANG_WARN_INT_CONVERSION = YES;
				CLANG_WARN_NON_LITERAL_NULL_CONVERSION = YES;
				CLANG_WARN_OBJC_IMPLICIT_RETAIN_SELF = YES;
				CLANG_WARN_OBJC_LITERAL_CONVERSION = YES;
				CLANG_WARN_RANGE_LOOP_ANALYSIS = YES;
				CLANG_WARN_STRICT_PROTOTYPES = YES;
				CLANG_WARN_SUSPICIOUS_MOVE = YES;
				CLANG_WARN_UNREACHABLE_CODE = YES;
				CLANG_WARN__DUPLICATE_METHOD_MATCH = YES;
				ENABLE_STRICT_OBJC_MSGSEND = YES;
				GCC_C_LANGUAGE_STANDARD = c99;
				GCC_NO_COMMON_BLOCKS = YES;
				GCC_THUMB_SUPPORT = NO;
				GCC_VERSION = "";
				GCC_WARN_64_TO_32_BIT_CONVERSION = YES;
				GCC_WARN_ABOUT_RETURN_TYPE = YES;
				GCC_WARN_UNDECLARED_SELECTOR = YES;
				GCC_WARN_UNINITIALIZED_AUTOS = YES;
				GCC_WARN_UNUSED_FUNCTION = YES;
				GCC_WARN_UNUSED_VARIABLE = YES;
				SDKROOT = iphoneos;
				SKIP_INSTALL = NO;
				WK_WEB_VIEW_ONLY = 1;
				LD_RUNPATH_SEARCH_PATHS = "@executable_path/Frameworks $(inherited)";
			};
			name = Release;
		};
/* End XCBuildConfiguration section */

/* Begin XCConfigurationList section */
		1D6058960D05DD3E006BFB54 /* Build configuration list for PBXNativeTarget "Woolis" */ = {
			isa = XCConfigurationList;
			buildConfigurations = (
				1D6058940D05DD3E006BFB54 /* Debug */,
				1D6058950D05DD3E006BFB54 /* Release */,
			);
			defaultConfigurationIsVisible = 0;
			defaultConfigurationName = Release;
		};
		C01FCF4E08A954540054247B /* Build configuration list for PBXProject "Woolis" */ = {
			isa = XCConfigurationList;
			buildConfigurations = (
				C01FCF4F08A954540054247B /* Debug */,
				C01FCF5008A954540054247B /* Release */,
			);
			defaultConfigurationIsVisible = 0;
			defaultConfigurationName = Release;
		};
/* End XCConfigurationList section */
	};
	rootObject = 29B97313FDCFA39411CA2CEA /* Project object */;
}
